
Microsoft Visual Studio Solution File, Format Version 12.00
# Visual Studio Version 17
VisualStudioVersion = 17.11.35219.272
MinimumVisualStudioVersion = 10.0.40219.1
Project("{FAE04EC0-301F-11D3-BF4B-00C04F79EFBC}") = "Practicando Arrays (Arreglos)1", "Practicando Arrays (Arreglos)1\Practicando Arrays (Arreglos)1.csproj", "{30E1A384-51FA-47B5-AEF7-034F2366CFF9}"
EndProject
Global
	GlobalSection(SolutionConfigurationPlatforms) = preSolution
		Debug|Any CPU = Debug|Any CPU
		Release|Any CPU = Release|Any CPU
	EndGlobalSection
	GlobalSection(ProjectConfigurationPlatforms) = postSolution
		{30E1A384-51FA-47B5-AEF7-034F2366CFF9}.Debug|Any CPU.ActiveCfg = Debug|Any CPU
		{30E1A384-51FA-47B5-AEF7-034F2366CFF9}.Debug|Any CPU.Build.0 = Debug|Any CPU
		{30E1A384-51FA-47B5-AEF7-034F2366CFF9}.Release|Any CPU.ActiveCfg = Release|Any CPU
		{30E1A384-51FA-47B5-AEF7-034F2366CFF9}.Release|Any CPU.Build.0 = Release|Any CPU
	EndGlobalSection
	GlobalSection(SolutionProperties) = preSolution
		HideSolutionNode = FALSE
	EndGlobalSection
	GlobalSection(ExtensibilityGlobals) = postSolution
		SolutionGuid = {EE8BA10E-4935-4FD9-AA55-F38B0BE7D175}
	EndGlobalSection
EndGlobal
